{
    "name": "grad-co-template",
    "version": "2.2.2",
    "lockfileVersion": 1,
    "requires": true,
    "dependencies": {
        "grad-civs": {
            "version": "0.3.1",
            "resolved": "https://registry.npmjs.org/grad-civs/-/grad-civs-0.3.1.tgz",
            "integrity": "sha1-1sVJpBzJOWg6iUMsXSGSlccMuYY="
        },
        "grad-customGear": {
            "version": "2.0.0",
            "resolved": "https://registry.npmjs.org/grad-customGear/-/grad-customGear-2.0.0.tgz",
            "integrity": "sha1-QIfJESRZ4RWGVR6BVedqv8Qnfew="
        },
        "grad-factions": {
            "version": "2.2.0",
            "resolved": "https://registry.npmjs.org/grad-factions/-/grad-factions-2.2.0.tgz",
            "integrity": "sha512-05JlFYbUVdg6pCcxyIhcVoVjNkGi+ToFsh7tOR9z3H8I/7WfZNIAgFzT2Cmp3WEk77+UbZqQykPgdoLdqSSUBw==",
            "requires": {
                "grad-loadout": "4.8.0"
            }
        },
        "grad-fortifications": {
            "version": "0.7.0",
            "resolved": "https://registry.npmjs.org/grad-fortifications/-/grad-fortifications-0.7.0.tgz",
            "integrity": "sha1-PyZ5GK+cu753Gp8CQ7QMRIG9RtE="
        },
        "grad-loadout": {
            "version": "4.8.0",
            "resolved": "https://registry.npmjs.org/grad-loadout/-/grad-loadout-4.8.0.tgz",
            "integrity": "sha1-NfWcwR9J947WSY62eK8xv33R2vs="
        }
    }
}
